
Microsoft Visual Studio Solution File, Format Version 12.00
# Visual Studio Version 16
VisualStudioVersion = 16.0.29920.165
MinimumVisualStudioVersion = 10.0.40219.1
Project("{FAE04EC0-301F-11D3-BF4B-00C04F79EFBC}") = "PMS", "PMS\PMS.csproj", "{6B7105AD-F28D-4A9E-96FD-64843BE05AAF}"
EndProject
Project("{FAE04EC0-301F-11D3-BF4B-00C04F79EFBC}") = "PMS.Tests", "PMS.Tests\PMS.Tests.csproj", "{B1A4D2A6-2CD4-40F4-817A-BE1F89CFCA0C}"
EndProject
Global
	GlobalSection(SolutionConfigurationPlatforms) = preSolution
		Debug|Any CPU = Debug|Any CPU
		Release|Any CPU = Release|Any CPU
	EndGlobalSection
	GlobalSection(ProjectConfigurationPlatforms) = postSolution
		{6B7105AD-F28D-4A9E-96FD-64843BE05AAF}.Debug|Any CPU.ActiveCfg = Debug|Any CPU
		{6B7105AD-F28D-4A9E-96FD-64843BE05AAF}.Debug|Any CPU.Build.0 = Debug|Any CPU
		{6B7105AD-F28D-4A9E-96FD-64843BE05AAF}.Release|Any CPU.ActiveCfg = Release|Any CPU
		{6B7105AD-F28D-4A9E-96FD-64843BE05AAF}.Release|Any CPU.Build.0 = Release|Any CPU
		{B1A4D2A6-2CD4-40F4-817A-BE1F89CFCA0C}.Debug|Any CPU.ActiveCfg = Debug|Any CPU
		{B1A4D2A6-2CD4-40F4-817A-BE1F89CFCA0C}.Debug|Any CPU.Build.0 = Debug|Any CPU
		{B1A4D2A6-2CD4-40F4-817A-BE1F89CFCA0C}.Release|Any CPU.ActiveCfg = Release|Any CPU
		{B1A4D2A6-2CD4-40F4-817A-BE1F89CFCA0C}.Release|Any CPU.Build.0 = Release|Any CPU
	EndGlobalSection
	GlobalSection(SolutionProperties) = preSolution
		HideSolutionNode = FALSE
	EndGlobalSection
	GlobalSection(ExtensibilityGlobals) = postSolution
		SolutionGuid = {0ED641C7-FB11-41DB-B75F-B64C2FE931E5}
	EndGlobalSection
EndGlobal
